
Microsoft Visual Studio Solution File, Format Version 12.00
# Visual Studio Version 17
VisualStudioVersion = 17.8.34511.84
MinimumVisualStudioVersion = 10.0.40219.1
Project("{FAE04EC0-301F-11D3-BF4B-00C04F79EFBC}") = "CuteToDoList_Practice", "CuteToDoList_Practice\CuteToDoList_Practice.csproj", "{756DBC8E-2FE7-489D-89D8-D8451AFD10E5}"
EndProject
Global
	GlobalSection(SolutionConfigurationPlatforms) = preSolution
		Debug|Any CPU = Debug|Any CPU
		Release|Any CPU = Release|Any CPU
	EndGlobalSection
	GlobalSection(ProjectConfigurationPlatforms) = postSolution
		{756DBC8E-2FE7-489D-89D8-D8451AFD10E5}.Debug|Any CPU.ActiveCfg = Debug|Any CPU
		{756DBC8E-2FE7-489D-89D8-D8451AFD10E5}.Debug|Any CPU.Build.0 = Debug|Any CPU
		{756DBC8E-2FE7-489D-89D8-D8451AFD10E5}.Release|Any CPU.ActiveCfg = Release|Any CPU
		{756DBC8E-2FE7-489D-89D8-D8451AFD10E5}.Release|Any CPU.Build.0 = Release|Any CPU
	EndGlobalSection
	GlobalSection(SolutionProperties) = preSolution
		HideSolutionNode = FALSE
	EndGlobalSection
	GlobalSection(ExtensibilityGlobals) = postSolution
		SolutionGuid = {10F64678-962F-4A75-84F7-0A3A1ED29652}
	EndGlobalSection
EndGlobal
